
Microsoft Visual Studio Solution File, Format Version 12.00
# Visual Studio 15
VisualStudioVersion = 15.0.28010.2026
MinimumVisualStudioVersion = 10.0.40219.1
Project("{00D1A9C2-B5F0-4AF3-8072-F6C62B433612}") = "Tworzenie tabel", "Tworzenie tabel\Tworzenie tabel.sqlproj", "{AC265B91-5907-49A9-B61A-36906AFDB899}"
EndProject
Global
	GlobalSection(SolutionConfigurationPlatforms) = preSolution
		Debug|Any CPU = Debug|Any CPU
		Release|Any CPU = Release|Any CPU
	EndGlobalSection
	GlobalSection(ProjectConfigurationPlatforms) = postSolution
		{AC265B91-5907-49A9-B61A-36906AFDB899}.Debug|Any CPU.ActiveCfg = Debug|Any CPU
		{AC265B91-5907-49A9-B61A-36906AFDB899}.Debug|Any CPU.Build.0 = Debug|Any CPU
		{AC265B91-5907-49A9-B61A-36906AFDB899}.Debug|Any CPU.Deploy.0 = Debug|Any CPU
		{AC265B91-5907-49A9-B61A-36906AFDB899}.Release|Any CPU.ActiveCfg = Release|Any CPU
		{AC265B91-5907-49A9-B61A-36906AFDB899}.Release|Any CPU.Build.0 = Release|Any CPU
		{AC265B91-5907-49A9-B61A-36906AFDB899}.Release|Any CPU.Deploy.0 = Release|Any CPU
	EndGlobalSection
	GlobalSection(SolutionProperties) = preSolution
		HideSolutionNode = FALSE
	EndGlobalSection
	GlobalSection(ExtensibilityGlobals) = postSolution
		SolutionGuid = {89E6AED0-1CE0-4F5C-9FB6-9684D4CCA8B0}
	EndGlobalSection
EndGlobal
